
Microsoft Visual Studio Solution File, Format Version 12.00
# Visual Studio Version 17
VisualStudioVersion = 17.14.36310.24
MinimumVisualStudioVersion = 10.0.40219.1
Project("{FAE04EC0-301F-11D3-BF4B-00C04F79EFBC}") = "TemplateServices.Domain", "TemplateServices\TemplateServices.Domain.csproj", "{97E47D89-D610-4BFC-A6F7-81645D09B15E}"
EndProject
Project("{FAE04EC0-301F-11D3-BF4B-00C04F79EFBC}") = "MauiTestApp", "MauiTestApp\MauiTestApp.csproj", "{68AEEDDE-DFF4-4574-8364-50D3CF6F395A}"
EndProject
Global
	GlobalSection(SolutionConfigurationPlatforms) = preSolution
		Debug|Any CPU = Debug|Any CPU
		Release|Any CPU = Release|Any CPU
	EndGlobalSection
	GlobalSection(ProjectConfigurationPlatforms) = postSolution
		{97E47D89-D610-4BFC-A6F7-81645D09B15E}.Debug|Any CPU.ActiveCfg = Debug|Any CPU
		{97E47D89-D610-4BFC-A6F7-81645D09B15E}.Debug|Any CPU.Build.0 = Debug|Any CPU
		{97E47D89-D610-4BFC-A6F7-81645D09B15E}.Release|Any CPU.ActiveCfg = Release|Any CPU
		{97E47D89-D610-4BFC-A6F7-81645D09B15E}.Release|Any CPU.Build.0 = Release|Any CPU
		{68AEEDDE-DFF4-4574-8364-50D3CF6F395A}.Debug|Any CPU.ActiveCfg = Debug|Any CPU
		{68AEEDDE-DFF4-4574-8364-50D3CF6F395A}.Debug|Any CPU.Build.0 = Debug|Any CPU
		{68AEEDDE-DFF4-4574-8364-50D3CF6F395A}.Debug|Any CPU.Deploy.0 = Debug|Any CPU
		{68AEEDDE-DFF4-4574-8364-50D3CF6F395A}.Release|Any CPU.ActiveCfg = Release|Any CPU
		{68AEEDDE-DFF4-4574-8364-50D3CF6F395A}.Release|Any CPU.Build.0 = Release|Any CPU
		{68AEEDDE-DFF4-4574-8364-50D3CF6F395A}.Release|Any CPU.Deploy.0 = Release|Any CPU
	EndGlobalSection
	GlobalSection(SolutionProperties) = preSolution
		HideSolutionNode = FALSE
	EndGlobalSection
	GlobalSection(ExtensibilityGlobals) = postSolution
		SolutionGuid = {A7FFE687-9169-4BCC-B190-C69F86041ABF}
	EndGlobalSection
EndGlobal
